<?xml version="1.0" encoding="utf-8"?>
<Project ToolsVersion="4.0" xmlns="http://schemas.microsoft.com/developer/msbuild/2003">
  <ItemGroup>
    <Filter Include="Dependencies">
      <UniqueIdentifier>{2be18738-c921-4a91-8993-a433769a3c6d}</UniqueIdentifier>
    </Filter>
    <Filter Include="Dependencies\max">
      <UniqueIdentifier>{17957f65-3d98-467a-ba3d-e439b852c26b}</UniqueIdentifier>
    </Filter>
    <Filter Include="Dependencies\max\Testing">
      <UniqueIdentifier>{d33b4869-701d-4e31-85d8-473a118c141c}</UniqueIdentifier>
    </Filter>
  </ItemGroup>
  <ItemGroup>
    <None Include="..\..\Dependencies\max\Code\max\Testing\Test.inl">
      <Filter>Dependencies\max\Testing</Filter>
    </None>
    <None Include="..\..\Dependencies\max\Code\max\Testing\TestSuite.inl">
      <Filter>Dependencies\max\Testing</Filter>
    </None>
    <None Include="..\..\Dependencies\max\AUTHORS">
      <Filter>Dependencies\max</Filter>
    </None>
    <None Include="..\..\Dependencies\max\LICENSE">
      <Filter>Dependencies\max</Filter>
    </None>
    <None Include="..\..\Code\png_cicp_editor\SparseArray.inl" />
    <None Include="..\..\Code\png_cicp_editor\StateMachine.inl" />
  </ItemGroup>
  <ItemGroup>
    <ClCompile Include="..\..\Dependencies\max\Code\max\Testing\CoutResultPolicy.cpp">
      <Filter>Dependencies\max\Testing</Filter>
    </ClCompile>
    <ClCompile Include="..\..\Code\tests\CommandLineParametersTest.cpp" />
    <ClCompile Include="..\..\Code\tests\EntryPoint.cpp" />
    <ClCompile Include="..\..\Code\tests\FileReaderTest.cpp" />
    <ClCompile Include="..\..\Code\tests\PNGParserTest.cpp" />
    <ClCompile Include="..\..\Code\tests\CICPInserterTest.cpp" />
    <ClCompile Include="..\..\Code\tests\FileWriterTest.cpp" />
    <ClCompile Include="..\..\Code\tests\ErrorTest.cpp" />
    <ClCompile Include="..\..\Code\tests\CICPCreatorTest.cpp" />
    <ClCompile Include="..\..\Code\tests\SparseArrayTest.cpp" />
    <ClCompile Include="..\..\Code\tests\StateMachineTest.cpp" />
    <ClCompile Include="..\..\Code\png_cicp_editor\CICPCreator.cpp" />
    <ClCompile Include="..\..\Code\png_cicp_editor\CICPInserter.cpp" />
    <ClCompile Include="..\..\Code\png_cicp_editor\CommandLineParameters.cpp" />
    <ClCompile Include="..\..\Code\png_cicp_editor\Error.cpp" />
    <ClCompile Include="..\..\Code\png_cicp_editor\FileReader.cpp" />
    <ClCompile Include="..\..\Code\png_cicp_editor\FileWriter.cpp" />
    <ClCompile Include="..\..\Code\png_cicp_editor\PNGParser.cpp" />
    <ClCompile Include="..\..\Code\png_cicp_editor\Actions.cpp" />
    <ClCompile Include="..\..\Code\png_cicp_editor\CICP.cpp" />
    <ClCompile Include="..\..\Code\tests\CICPTest.cpp" />
    <ClCompile Include="..\..\Code\tests\ActionsTest.cpp" />
  </ItemGroup>
  <ItemGroup>
    <ClInclude Include="..\..\Dependencies\max\Code\max\Testing\CoutResultPolicy.hpp">
      <Filter>Dependencies\max\Testing</Filter>
    </ClInclude>
    <ClInclude Include="..\..\Dependencies\max\Code\max\Testing\Test.hpp">
      <Filter>Dependencies\max\Testing</Filter>
    </ClInclude>
    <ClInclude Include="..\..\Dependencies\max\Code\max\Testing\TestSuite.hpp">
      <Filter>Dependencies\max\Testing</Filter>
    </ClInclude>
    <ClInclude Include="..\..\Code\tests\CommandLineParametersTest.hpp" />
    <ClInclude Include="..\..\Code\tests\FileReaderTest.hpp" />
    <ClInclude Include="..\..\Code\tests\PNGParserTest.hpp" />
    <ClInclude Include="..\..\Code\tests\CICPInserterTest.hpp" />
    <ClInclude Include="..\..\Code\tests\FileWriterTest.hpp" />
    <ClInclude Include="..\..\Code\tests\ErrorTest.hpp" />
    <ClInclude Include="..\..\Code\tests\CICPCreatorTest.hpp" />
    <ClInclude Include="..\..\Code\tests\SparseArrayTest.hpp" />
    <ClInclude Include="..\..\Code\tests\StateMachineTest.hpp" />
    <ClInclude Include="..\..\Code\png_cicp_editor\CICPCreator.hpp" />
    <ClInclude Include="..\..\Code\png_cicp_editor\CICPInserter.hpp" />
    <ClInclude Include="..\..\Code\png_cicp_editor\CommandLineParameters.hpp" />
    <ClInclude Include="..\..\Code\png_cicp_editor\Error.hpp" />
    <ClInclude Include="..\..\Code\png_cicp_editor\FileReader.hpp" />
    <ClInclude Include="..\..\Code\png_cicp_editor\FileWriter.hpp" />
    <ClInclude Include="..\..\Code\png_cicp_editor\PNGParser.hpp" />
    <ClInclude Include="..\..\Code\png_cicp_editor\SparseArray.hpp" />
    <ClInclude Include="..\..\Code\png_cicp_editor\StateMachine.hpp" />
    <ClInclude Include="..\..\Code\png_cicp_editor\Actions.hpp" />
    <ClInclude Include="..\..\Code\png_cicp_editor\CICP.hpp" />
    <ClInclude Include="..\..\Code\tests\CICPTest.hpp" />
    <ClInclude Include="..\..\Code\tests\ActionsTest.hpp" />
  </ItemGroup>
</Project>